# THIS IS AN AUTOGENERATED FILE. DO NOT EDIT THIS FILE DIRECTLY.
# yarn lockfile v1


chevrotain@4.7.0:
  version "4.7.0"
  resolved "https://registry.yarnpkg.com/chevrotain/-/chevrotain-4.7.0.tgz#1a1acab4275cee8b1e208e6a10b1622c5b92b02e"
  integrity sha512-FmXTi1hMN/6TT9NlrYP1kHHW6P7qpVzQD2vGrbsfI7wbFXXg2ANpIaN3pHPnVx/ZPHOnConE0TmyP6rguyzkZQ==
  dependencies:
    regexp-to-ast "0.4.0"

java-parser@^0.3.2:
  version "0.3.2"
  resolved "https://registry.yarnpkg.com/java-parser/-/java-parser-0.3.2.tgz#9510ba95535455142c3040f9d60d34d86d11ac69"
  integrity sha512-4TQ2MNxq/8usHc4TQKAe7rX67M2rA2rc92+n/kyYAtjpCNQs9G6KGM2Ow1BdAEURyYsxAtWSny0lh+4PhuM0Jg==
  dependencies:
    chevrotain "4.7.0"

lodash@^4.17.21:
  version "4.17.21"
  resolved "https://registry.yarnpkg.com/lodash/-/lodash-4.17.21.tgz#679591c564c3bffaae8454cf0b3df370c3d6911c"
  integrity sha512-v2kDEe57lecTulaDIuNTPy3Ry4gLGJ6Z1O3vE1krgXZNrsQ+LFTGHVxVjcXPs17LhbZVGedAJv8XZ1tvj5FvSg==

prettier-plugin-java@^0.3.2:
  version "0.3.2"
  resolved "https://registry.yarnpkg.com/prettier-plugin-java/-/prettier-plugin-java-0.3.2.tgz#1715ced9c66992598ee4417a8ae516952ea8f07d"
  integrity sha512-6DJqhVs/9dnmwz75ZvJpR+ZsbJV6zp7dKSkGtsgES0xp9NIemIr1yJTe0sFfyU2PQFagH6cwkP58tP+coX+uSA==
  dependencies:
    java-parser "^0.3.2"
    prettier "1.18.2"

prettier@1.18.2, prettier@^1.18.2:
  version "1.18.2"
  resolved "https://registry.yarnpkg.com/prettier/-/prettier-1.18.2.tgz#6823e7c5900017b4bd3acf46fe9ac4b4d7bda9ea"
  integrity sha512-OeHeMc0JhFE9idD4ZdtNibzY0+TPHSpSSb9h8FqtP+YnoZZ1sl8Vc9b1sasjfymH3SonAF4QcA2+mzHPhMvIiw==

regexp-to-ast@0.4.0:
  version "0.4.0"
  resolved "https://registry.yarnpkg.com/regexp-to-ast/-/regexp-to-ast-0.4.0.tgz#f3dbcb42726cd71902ba50193f63eab5325cd7cb"
  integrity sha512-4qf/7IsIKfSNHQXSwial1IFmfM1Cc/whNBQqRwe0V2stPe7KmN1U0tWQiIx6JiirgSrisjE0eECdNf7Tav1Ntw==
